// !$*UTF8*$!
{
	archiveVersion = 1;
	classes = {
	};
	objectVersion = 46;
	objects = {

/* Begin PBXBuildFile section */
		166FFED518EB8AEE009B946B /* Foundation.framework in Frameworks */ = {isa = PBXBuildFile; fileRef = 166FFED418EB8AEE009B946B /* Foundation.framework */; };
		166FFED718EB8AEE009B946B /* CoreGraphics.framework in Frameworks */ = {isa = PBXBuildFile; fileRef = 166FFED618EB8AEE009B946B /* CoreGraphics.framework */; };
		166FFED918EB8AEE009B946B /* UIKit.framework in Frameworks */ = {isa = PBXBuildFile; fileRef = 166FFED818EB8AEE009B946B /* UIKit.framework */; };
		166FFEDF18EB8AEE009B946B /* InfoPlist.strings in Resources */ = {isa = PBXBuildFile; fileRef = 166FFEDD18EB8AEE009B946B /* InfoPlist.strings */; };
		166FFEE118EB8AEE009B946B /* main.m in Sources */ = {isa = PBXBuildFile; fileRef = 166FFEE018EB8AEE009B946B /* main.m */; };
		166FFEE518EB8AEE009B946B /* CBAppDelegate.m in Sources */ = {isa = PBXBuildFile; fileRef = 166FFEE418EB8AEE009B946B /* CBAppDelegate.m */; };
		166FFEE818EB8AEE009B946B /* Main.storyboard in Resources */ = {isa = PBXBuildFile; fileRef = 166FFEE618EB8AEE009B946B /* Main.storyboard */; };
		166FFEEB18EB8AEE009B946B /* CBFirstViewController.m in Sources */ = {isa = PBXBuildFile; fileRef = 166FFEEA18EB8AEE009B946B /* CBFirstViewController.m */; };
		166FFEEE18EB8AEE009B946B /* CBSecondViewController.m in Sources */ = {isa = PBXBuildFile; fileRef = 166FFEED18EB8AEE009B946B /* CBSecondViewController.m */; };
		166FFEF018EB8AEE009B946B /* Images.xcassets in Resources */ = {isa = PBXBuildFile; fileRef = 166FFEEF18EB8AEE009B946B /* Images.xcassets */; };
		166FFEF718EB8AEE009B946B /* XCTest.framework in Frameworks */ = {isa = PBXBuildFile; fileRef = 166FFEF618EB8AEE009B946B /* XCTest.framework */; };
		166FFEF818EB8AEE009B946B /* Foundation.framework in Frameworks */ = {isa = PBXBuildFile; fileRef = 166FFED418EB8AEE009B946B /* Foundation.framework */; };
		166FFEF918EB8AEE009B946B /* UIKit.framework in Frameworks */ = {isa = PBXBuildFile; fileRef = 166FFED818EB8AEE009B946B /* UIKit.framework */; };
		166FFF0118EB8AEE009B946B /* InfoPlist.strings in Resources */ = {isa = PBXBuildFile; fileRef = 166FFEFF18EB8AEE009B946B /* InfoPlist.strings */; };
		166FFF0318EB8AEE009B946B /* IOSLoggerTests.m in Sources */ = {isa = PBXBuildFile; fileRef = 166FFF0218EB8AEE009B946B /* IOSLoggerTests.m */; };
/* End PBXBuildFile section */

/* Begin PBXContainerItemProxy section */
		166FFEFA18EB8AEE009B946B /* PBXContainerItemProxy */ = {
			isa = PBXContainerItemProxy;
			containerPortal = 166FFEC918EB8AEE009B946B /* Project object */;
			proxyType = 1;
			remoteGlobalIDString = 166FFED018EB8AEE009B946B;
			remoteInfo = IOSLogger;
		};
/* End PBXContainerItemProxy section */

/* Begin PBXFileReference section */
		166FFED118EB8AEE009B946B /* IOSLogger.app */ = {isa = PBXFileReference; explicitFileType = wrapper.application; includeInIndex = 0; path = IOSLogger.app; sourceTree = BUILT_PRODUCTS_DIR; };
		166FFED418EB8AEE009B946B /* Foundation.framework */ = {isa = PBXFileReference; lastKnownFileType = wrapper.framework; name = Foundation.framework; path = System/Library/Frameworks/Foundation.framework; sourceTree = SDKROOT; };
		166FFED618EB8AEE009B946B /* CoreGraphics.framework */ = {isa = PBXFileReference; lastKnownFileType = wrapper.framework; name = CoreGraphics.framework; path = System/Library/Frameworks/CoreGraphics.framework; sourceTree = SDKROOT; };
		166FFED818EB8AEE009B946B /* UIKit.framework */ = {isa = PBXFileReference; lastKnownFileType = wrapper.framework; name = UIKit.framework; path = System/Library/Frameworks/UIKit.framework; sourceTree = SDKROOT; };
		166FFEDC18EB8AEE009B946B /* IOSLogger-Info.plist */ = {isa = PBXFileReference; lastKnownFileType = text.plist.xml; path = "IOSLogger-Info.plist"; sourceTree = "<group>"; };
		166FFEDE18EB8AEE009B946B /* en */ = {isa = PBXFileReference; lastKnownFileType = text.plist.strings; name = en; path = en.lproj/InfoPlist.strings; sourceTree = "<group>"; };
		166FFEE018EB8AEE009B946B /* main.m */ = {isa = PBXFileReference; lastKnownFileType = sourcecode.c.objc; path = main.m; sourceTree = "<group>"; };
		166FFEE218EB8AEE009B946B /* IOSLogger-Prefix.pch */ = {isa = PBXFileReference; lastKnownFileType = sourcecode.c.h; path = "IOSLogger-Prefix.pch"; sourceTree = "<group>"; };
		166FFEE318EB8AEE009B946B /* CBAppDelegate.h */ = {isa = PBXFileReference; lastKnownFileType = sourcecode.c.h; path = CBAppDelegate.h; sourceTree = "<group>"; };
		166FFEE418EB8AEE009B946B /* CBAppDelegate.m */ = {isa = PBXFileReference; lastKnownFileType = sourcecode.c.objc; path = CBAppDelegate.m; sourceTree = "<group>"; };
		166FFEE718EB8AEE009B946B /* Base */ = {isa = PBXFileReference; lastKnownFileType = file.storyboard; name = Base; path = Base.lproj/Main.storyboard; sourceTree = "<group>"; };
		166FFEE918EB8AEE009B946B /* CBFirstViewController.h */ = {isa = PBXFileReference; lastKnownFileType = sourcecode.c.h; path = CBFirstViewController.h; sourceTree = "<group>"; };
		166FFEEA18EB8AEE009B946B /* CBFirstViewController.m */ = {isa = PBXFileReference; lastKnownFileType = sourcecode.c.objc; path = CBFirstViewController.m; sourceTree = "<group>"; };
		166FFEEC18EB8AEE009B946B /* CBSecondViewController.h */ = {isa = PBXFileReference; lastKnownFileType = sourcecode.c.h; path = CBSecondViewController.h; sourceTree = "<group>"; };
		166FFEED18EB8AEE009B946B /* CBSecondViewController.m */ = {isa = PBXFileReference; lastKnownFileType = sourcecode.c.objc; path = CBSecondViewController.m; sourceTree = "<group>"; };
		166FFEEF18EB8AEE009B946B /* Images.xcassets */ = {isa = PBXFileReference; lastKnownFileType = folder.assetcatalog; path = Images.xcassets; sourceTree = "<group>"; };
		166FFEF518EB8AEE009B946B /* IOSLoggerTests.xctest */ = {isa = PBXFileReference; explicitFileType = wrapper.cfbundle; includeInIndex = 0; path = IOSLoggerTests.xctest; sourceTree = BUILT_PRODUCTS_DIR; };
		166FFEF618EB8AEE009B946B /* XCTest.framework */ = {isa = PBXFileReference; lastKnownFileType = wrapper.framework; name = XCTest.framework; path = Library/Frameworks/XCTest.framework; sourceTree = DEVELOPER_DIR; };
		166FFEFE18EB8AEE009B946B /* IOSLoggerTests-Info.plist */ = {isa = PBXFileReference; lastKnownFileType = text.plist.xml; path = "IOSLoggerTests-Info.plist"; sourceTree = "<group>"; };
		166FFF0018EB8AEE009B946B /* en */ = {isa = PBXFileReference; lastKnownFileType = text.plist.strings; name = en; path = en.lproj/InfoPlist.strings; sourceTree = "<group>"; };
		166FFF0218EB8AEE009B946B /* IOSLoggerTests.m */ = {isa = PBXFileReference; lastKnownFileType = sourcecode.c.objc; path = IOSLoggerTests.m; sourceTree = "<group>"; };
/* End PBXFileReference section */

/* Begin PBXFrameworksBuildPhase section */
		166FFECE18EB8AEE009B946B /* Frameworks */ = {
			isa = PBXFrameworksBuildPhase;
			buildActionMask = 2147483647;
			files = (
				166FFED718EB8AEE009B946B /* CoreGraphics.framework in Frameworks */,
				166FFED918EB8AEE009B946B /* UIKit.framework in Frameworks */,
				166FFED518EB8AEE009B946B /* Foundation.framework in Frameworks */,
			);
			runOnlyForDeploymentPostprocessing = 0;
		};
		166FFEF218EB8AEE009B946B /* Frameworks */ = {
			isa = PBXFrameworksBuildPhase;
			buildActionMask = 2147483647;
			files = (
				166FFEF718EB8AEE009B946B /* XCTest.framework in Frameworks */,
				166FFEF918EB8AEE009B946B /* UIKit.framework in Frameworks */,
				166FFEF818EB8AEE009B946B /* Foundation.framework in Frameworks */,
			);
			runOnlyForDeploymentPostprocessing = 0;
		};
/* End PBXFrameworksBuildPhase section */

/* Begin PBXGroup section */
		166FFEC818EB8AEE009B946B = {
			isa = PBXGroup;
			children = (
				166FFEDA18EB8AEE009B946B /* IOSLogger */,
				166FFEFC18EB8AEE009B946B /* IOSLoggerTests */,
				166FFED318EB8AEE009B946B /* Frameworks */,
				166FFED218EB8AEE009B946B /* Products */,
			);
			sourceTree = "<group>";
		};
		166FFED218EB8AEE009B946B /* Products */ = {
			isa = PBXGroup;
			children = (
				166FFED118EB8AEE009B946B /* IOSLogger.app */,
				166FFEF518EB8AEE009B946B /* IOSLoggerTests.xctest */,
			);
			name = Products;
			sourceTree = "<group>";
		};
		166FFED318EB8AEE009B946B /* Frameworks */ = {
			isa = PBXGroup;
			children = (
				166FFED418EB8AEE009B946B /* Foundation.framework */,
				166FFED618EB8AEE009B946B /* CoreGraphics.framework */,
				166FFED818EB8AEE009B946B /* UIKit.framework */,
				166FFEF618EB8AEE009B946B /* XCTest.framework */,
			);
			name = Frameworks;
			sourceTree = "<group>";
		};
		166FFEDA18EB8AEE009B946B /* IOSLogger */ = {
			isa = PBXGroup;
			children = (
				166FFEE318EB8AEE009B946B /* CBAppDelegate.h */,
				166FFEE418EB8AEE009B946B /* CBAppDelegate.m */,
				166FFEE618EB8AEE009B946B /* Main.storyboard */,
				166FFEE918EB8AEE009B946B /* CBFirstViewController.h */,
				166FFEEA18EB8AEE009B946B /* CBFirstViewController.m */,
				166FFEEC18EB8AEE009B946B /* CBSecondViewController.h */,
				166FFEED18EB8AEE009B946B /* CBSecondViewController.m */,
				166FFEEF18EB8AEE009B946B /* Images.xcassets */,
				166FFEDB18EB8AEE009B946B /* Supporting Files */,
			);
			path = IOSLogger;
			sourceTree = "<group>";
		};
		166FFEDB18EB8AEE009B946B /* Supporting Files */ = {
			isa = PBXGroup;
			children = (
				166FFEDC18EB8AEE009B946B /* IOSLogger-Info.plist */,
				166FFEDD18EB8AEE009B946B /* InfoPlist.strings */,
				166FFEE018EB8AEE009B946B /* main.m */,
				166FFEE218EB8AEE009B946B /* IOSLogger-Prefix.pch */,
			);
			name = "Supporting Files";
			sourceTree = "<group>";
		};
		166FFEFC18EB8AEE009B946B /* IOSLoggerTests */ = {
			isa = PBXGroup;
			children = (
				166FFF0218EB8AEE009B946B /* IOSLoggerTests.m */,
				166FFEFD18EB8AEE009B946B /* Supporting Files */,
			);
			path = IOSLoggerTests;
			sourceTree = "<group>";
		};
		166FFEFD18EB8AEE009B946B /* Supporting Files */ = {
			isa = PBXGroup;
			children = (
				166FFEFE18EB8AEE009B946B /* IOSLoggerTests-Info.plist */,
				166FFEFF18EB8AEE009B946B /* InfoPlist.strings */,
			);
			name = "Supporting Files";
			sourceTree = "<group>";
		};
/* End PBXGroup section */

/* Begin PBXNativeTarget section */
		166FFED018EB8AEE009B946B /* IOSLogger */ = {
			isa = PBXNativeTarget;
			buildConfigurationList = 166FFF0618EB8AEE009B946B /* Build configuration list for PBXNativeTarget "IOSLogger" */;
			buildPhases = (
				166FFECD18EB8AEE009B946B /* Sources */,
				166FFECE18EB8AEE009B946B /* Frameworks */,
				166FFECF18EB8AEE009B946B /* Resources */,
			);
			buildRules = (
			);
			dependencies = (
			);
			name = IOSLogger;
			productName = IOSLogger;
			productReference = 166FFED118EB8AEE009B946B /* IOSLogger.app */;
			productType = "com.apple.product-type.application";
		};
		166FFEF418EB8AEE009B946B /* IOSLoggerTests */ = {
			isa = PBXNativeTarget;
			buildConfigurationList = 166FFF0918EB8AEE009B946B /* Build configuration list for PBXNativeTarget "IOSLoggerTests" */;
			buildPhases = (
				166FFEF118EB8AEE009B946B /* Sources */,
				166FFEF218EB8AEE009B946B /* Frameworks */,
				166FFEF318EB8AEE009B946B /* Resources */,
			);
			buildRules = (
			);
			dependencies = (
				166FFEFB18EB8AEE009B946B /* PBXTargetDependency */,
			);
			name = IOSLoggerTests;
			productName = IOSLoggerTests;
			productReference = 166FFEF518EB8AEE009B946B /* IOSLoggerTests.xctest */;
			productType = "com.apple.product-type.bundle.unit-test";
		};
/* End PBXNativeTarget section */

/* Begin PBXProject section */
		166FFEC918EB8AEE009B946B /* Project object */ = {
			isa = PBXProject;
			attributes = {
				CLASSPREFIX = CB;
				LastUpgradeCheck = 0510;
				ORGANIZATIONNAME = "Code-Bits";
				TargetAttributes = {
					166FFEF418EB8AEE009B946B = {
						TestTargetID = 166FFED018EB8AEE009B946B;
					};
				};
			};
			buildConfigurationList = 166FFECC18EB8AEE009B946B /* Build configuration list for PBXProject "IOSLogger" */;
			compatibilityVersion = "Xcode 3.2";
			developmentRegion = English;
			hasScannedForEncodings = 0;
			knownRegions = (
				en,
				Base,
			);
			mainGroup = 166FFEC818EB8AEE009B946B;
			productRefGroup = 166FFED218EB8AEE009B946B /* Products */;
			projectDirPath = "";
			projectRoot = "";
			targets = (
				166FFED018EB8AEE009B946B /* IOSLogger */,
				166FFEF418EB8AEE009B946B /* IOSLoggerTests */,
			);
		};
/* End PBXProject section */

/* Begin PBXResourcesBuildPhase section */
		166FFECF18EB8AEE009B946B /* Resources */ = {
			isa = PBXResourcesBuildPhase;
			buildActionMask = 2147483647;
			files = (
				166FFEF018EB8AEE009B946B /* Images.xcassets in Resources */,
				166FFEDF18EB8AEE009B946B /* InfoPlist.strings in Resources */,
				166FFEE818EB8AEE009B946B /* Main.storyboard in Resources */,
			);
			runOnlyForDeploymentPostprocessing = 0;
		};
		166FFEF318EB8AEE009B946B /* Resources */ = {
			isa = PBXResourcesBuildPhase;
			buildActionMask = 2147483647;
			files = (
				166FFF0118EB8AEE009B946B /* InfoPlist.strings in Resources */,
			);
			runOnlyForDeploymentPostprocessing = 0;
		};
/* End PBXResourcesBuildPhase section */

/* Begin PBXSourcesBuildPhase section */
		166FFECD18EB8AEE009B946B /* Sources */ = {
			isa = PBXSourcesBuildPhase;
			buildActionMask = 2147483647;
			files = (
				166FFEE118EB8AEE009B946B /* main.m in Sources */,
				166FFEEB18EB8AEE009B946B /* CBFirstViewController.m in Sources */,
				166FFEE518EB8AEE009B946B /* CBAppDelegate.m in Sources */,
				166FFEEE18EB8AEE009B946B /* CBSecondViewController.m in Sources */,
			);
			runOnlyForDeploymentPostprocessing = 0;
		};
		166FFEF118EB8AEE009B946B /* Sources */ = {
			isa = PBXSourcesBuildPhase;
			buildActionMask = 2147483647;
			files = (
				166FFF0318EB8AEE009B946B /* IOSLoggerTests.m in Sources */,
			);
			runOnlyForDeploymentPostprocessing = 0;
		};
/* End PBXSourcesBuildPhase section */

/* Begin PBXTargetDependency section */
		166FFEFB18EB8AEE009B946B /* PBXTargetDependency */ = {
			isa = PBXTargetDependency;
			target = 166FFED018EB8AEE009B946B /* IOSLogger */;
			targetProxy = 166FFEFA18EB8AEE009B946B /* PBXContainerItemProxy */;
		};
/* End PBXTargetDependency section */

/* Begin PBXVariantGroup section */
		166FFEDD18EB8AEE009B946B /* InfoPlist.strings */ = {
			isa = PBXVariantGroup;
			children = (
				166FFEDE18EB8AEE009B946B /* en */,
			);
			name = InfoPlist.strings;
			sourceTree = "<group>";
		};
		166FFEE618EB8AEE009B946B /* Main.storyboard */ = {
			isa = PBXVariantGroup;
			children = (
				166FFEE718EB8AEE009B946B /* Base */,
			);
			name = Main.storyboard;
			sourceTree = "<group>";
		};
		166FFEFF18EB8AEE009B946B /* InfoPlist.strings */ = {
			isa = PBXVariantGroup;
			children = (
				166FFF0018EB8AEE009B946B /* en */,
			);
			name = InfoPlist.strings;
			sourceTree = "<group>";
		};
/* End PBXVariantGroup section */

/* Begin XCBuildConfiguration section */
		166FFF0418EB8AEE009B946B /* Debug */ = {
			isa = XCBuildConfiguration;
			buildSettings = {
				ALWAYS_SEARCH_USER_PATHS = NO;
				CLANG_CXX_LANGUAGE_STANDARD = "gnu++0x";
				CLANG_CXX_LIBRARY = "libc++";
				CLANG_ENABLE_MODULES = YES;
				CLANG_ENABLE_OBJC_ARC = YES;
				CLANG_WARN_BOOL_CONVERSION = YES;
				CLANG_WARN_CONSTANT_CONVERSION = YES;
				CLANG_WARN_DIRECT_OBJC_ISA_USAGE = YES_ERROR;
				CLANG_WARN_EMPTY_BODY = YES;
				CLANG_WARN_ENUM_CONVERSION = YES;
				CLANG_WARN_INT_CONVERSION = YES;
				CLANG_WARN_OBJC_ROOT_CLASS = YES_ERROR;
				CLANG_WARN__DUPLICATE_METHOD_MATCH = YES;
				"CODE_SIGN_IDENTITY[sdk=iphoneos*]" = "iPhone Developer";
				COPY_PHASE_STRIP = NO;
				GCC_C_LANGUAGE_STANDARD = gnu99;
				GCC_DYNAMIC_NO_PIC = NO;
				GCC_OPTIMIZATION_LEVEL = 0;
				GCC_PREPROCESSOR_DEFINITIONS = (
					"DEBUG=1",
					"$(inherited)",
				);
				GCC_SYMBOLS_PRIVATE_EXTERN = NO;
				GCC_WARN_64_TO_32_BIT_CONVERSION = YES;
				GCC_WARN_ABOUT_RETURN_TYPE = YES_ERROR;
				GCC_WARN_UNDECLARED_SELECTOR = YES;
				GCC_WARN_UNINITIALIZED_AUTOS = YES_AGGRESSIVE;
				GCC_WARN_UNUSED_FUNCTION = YES;
				GCC_WARN_UNUSED_VARIABLE = YES;
				IPHONEOS_DEPLOYMENT_TARGET = 7.1;
				ONLY_ACTIVE_ARCH = YES;
				SDKROOT = iphoneos;
			};
			name = Debug;
		};
		166FFF0518EB8AEE009B946B /* Release */ = {
			isa = XCBuildConfiguration;
			buildSettings = {
				ALWAYS_SEARCH_USER_PATHS = NO;
				CLANG_CXX_LANGUAGE_STANDARD = "gnu++0x";
				CLANG_CXX_LIBRARY = "libc++";
				CLANG_ENABLE_MODULES = YES;
				CLANG_ENABLE_OBJC_ARC = YES;
				CLANG_WARN_BOOL_CONVERSION = YES;
				CLANG_WARN_CONSTANT_CONVERSION = YES;
				CLANG_WARN_DIRECT_OBJC_ISA_USAGE = YES_ERROR;
				CLANG_WARN_EMPTY_BODY = YES;
				CLANG_WARN_ENUM_CONVERSION = YES;
				CLANG_WARN_INT_CONVERSION = YES;
				CLANG_WARN_OBJC_ROOT_CLASS = YES_ERROR;
				CLANG_WARN__DUPLICATE_METHOD_MATCH = YES;
				"CODE_SIGN_IDENTITY[sdk=iphoneos*]" = "iPhone Developer";
				COPY_PHASE_STRIP = YES;
				ENABLE_NS_ASSERTIONS = NO;
				GCC_C_LANGUAGE_STANDARD = gnu99;
				GCC_WARN_64_TO_32_BIT_CONVERSION = YES;
				GCC_WARN_ABOUT_RETURN_TYPE = YES_ERROR;
				GCC_WARN_UNDECLARED_SELECTOR = YES;
				GCC_WARN_UNINITIALIZED_AUTOS = YES_AGGRESSIVE;
				GCC_WARN_UNUSED_FUNCTION = YES;
				GCC_WARN_UNUSED_VARIABLE = YES;
				IPHONEOS_DEPLOYMENT_TARGET = 7.1;
				SDKROOT = iphoneos;
				VALIDATE_PRODUCT = YES;
			};
			name = Release;
		};
		166FFF0718EB8AEE009B946B /* Debug */ = {
			isa = XCBuildConfiguration;
			buildSettings = {
				ASSETCATALOG_COMPILER_APPICON_NAME = AppIcon;
				ASSETCATALOG_COMPILER_LAUNCHIMAGE_NAME = LaunchImage;
				GCC_PRECOMPILE_PREFIX_HEADER = YES;
				GCC_PREFIX_HEADER = "IOSLogger/IOSLogger-Prefix.pch";
				INFOPLIST_FILE = "IOSLogger/IOSLogger-Info.plist";
				PRODUCT_NAME = "$(TARGET_NAME)";
				WRAPPER_EXTENSION = app;
			};
			name = Debug;
		};
		166FFF0818EB8AEE009B946B /* Release */ = {
			isa = XCBuildConfiguration;
			buildSettings = {
				ASSETCATALOG_COMPILER_APPICON_NAME = AppIcon;
				ASSETCATALOG_COMPILER_LAUNCHIMAGE_NAME = LaunchImage;
				GCC_PRECOMPILE_PREFIX_HEADER = YES;
				GCC_PREFIX_HEADER = "IOSLogger/IOSLogger-Prefix.pch";
				INFOPLIST_FILE = "IOSLogger/IOSLogger-Info.plist";
				PRODUCT_NAME = "$(TARGET_NAME)";
				WRAPPER_EXTENSION = app;
			};
			name = Release;
		};
		166FFF0A18EB8AEE009B946B /* Debug */ = {
			isa = XCBuildConfiguration;
			buildSettings = {
				BUNDLE_LOADER = "$(BUILT_PRODUCTS_DIR)/IOSLogger.app/IOSLogger";
				FRAMEWORK_SEARCH_PATHS = (
					"$(SDKROOT)/Developer/Library/Frameworks",
					"$(inherited)",
					"$(DEVELOPER_FRAMEWORKS_DIR)",
				);
				GCC_PRECOMPILE_PREFIX_HEADER = YES;
				GCC_PREFIX_HEADER = "IOSLogger/IOSLogger-Prefix.pch";
				GCC_PREPROCESSOR_DEFINITIONS = (
					"DEBUG=1",
					"$(inherited)",
				);
				INFOPLIST_FILE = "IOSLoggerTests/IOSLoggerTests-Info.plist";
				PRODUCT_NAME = "$(TARGET_NAME)";
				TEST_HOST = "$(BUNDLE_LOADER)";
				WRAPPER_EXTENSION = xctest;
			};
			name = Debug;
		};
		166FFF0B18EB8AEE009B946B /* Release */ = {
			isa = XCBuildConfiguration;
			buildSettings = {
				BUNDLE_LOADER = "$(BUILT_PRODUCTS_DIR)/IOSLogger.app/IOSLogger";
				FRAMEWORK_SEARCH_PATHS = (
					"$(SDKROOT)/Developer/Library/Frameworks",
					"$(inherited)",
					"$(DEVELOPER_FRAMEWORKS_DIR)",
				);
				GCC_PRECOMPILE_PREFIX_HEADER = YES;
				GCC_PREFIX_HEADER = "IOSLogger/IOSLogger-Prefix.pch";
				INFOPLIST_FILE = "IOSLoggerTests/IOSLoggerTests-Info.plist";
				PRODUCT_NAME = "$(TARGET_NAME)";
				TEST_HOST = "$(BUNDLE_LOADER)";
				WRAPPER_EXTENSION = xctest;
			};
			name = Release;
		};
/* End XCBuildConfiguration section */

/* Begin XCConfigurationList section */
		166FFECC18EB8AEE009B946B /* Build configuration list for PBXProject "IOSLogger" */ = {
			isa = XCConfigurationList;
			buildConfigurations = (
				166FFF0418EB8AEE009B946B /* Debug */,
				166FFF0518EB8AEE009B946B /* Release */,
			);
			defaultConfigurationIsVisible = 0;
			defaultConfigurationName = Release;
		};
		166FFF0618EB8AEE009B946B /* Build configuration list for PBXNativeTarget "IOSLogger" */ = {
			isa = XCConfigurationList;
			buildConfigurations = (
				166FFF0718EB8AEE009B946B /* Debug */,
				166FFF0818EB8AEE009B946B /* Release */,
			);
			defaultConfigurationIsVisible = 0;
		};
		166FFF0918EB8AEE009B946B /* Build configuration list for PBXNativeTarget "IOSLoggerTests" */ = {
			isa = XCConfigurationList;
			buildConfigurations = (
				166FFF0A18EB8AEE009B946B /* Debug */,
				166FFF0B18EB8AEE009B946B /* Release */,
			);
			defaultConfigurationIsVisible = 0;
		};
/* End XCConfigurationList section */
	};
	rootObject = 166FFEC918EB8AEE009B946B /* Project object */;
}
